
Microsoft Visual Studio Solution File, Format Version 12.00
# Visual Studio Version 16
VisualStudioVersion = 16.0.29411.108
MinimumVisualStudioVersion = 10.0.40219.1
Project("{FAE04EC0-301F-11D3-BF4B-00C04F79EFBC}") = "apifreader", "apifreader.csproj", "{2A54493B-ECD0-483D-8F66-AB82BF676C2D}"
EndProject
Global
	GlobalSection(SolutionConfigurationPlatforms) = preSolution
		Debug|Any CPU = Debug|Any CPU
		Release|Any CPU = Release|Any CPU
	EndGlobalSection
	GlobalSection(ProjectConfigurationPlatforms) = postSolution
		{2A54493B-ECD0-483D-8F66-AB82BF676C2D}.Debug|Any CPU.ActiveCfg = Debug|Any CPU
		{2A54493B-ECD0-483D-8F66-AB82BF676C2D}.Debug|Any CPU.Build.0 = Debug|Any CPU
		{2A54493B-ECD0-483D-8F66-AB82BF676C2D}.Release|Any CPU.ActiveCfg = Release|Any CPU
		{2A54493B-ECD0-483D-8F66-AB82BF676C2D}.Release|Any CPU.Build.0 = Release|Any CPU
	EndGlobalSection
	GlobalSection(SolutionProperties) = preSolution
		HideSolutionNode = FALSE
	EndGlobalSection
	GlobalSection(ExtensibilityGlobals) = postSolution
		SolutionGuid = {4950E84D-9945-4389-B4A6-6A01A652FEC4}
	EndGlobalSection
EndGlobal
